
Microsoft Visual Studio Solution File, Format Version 12.00
# Visual Studio Version 17
VisualStudioVersion = 17.5.33530.505
MinimumVisualStudioVersion = 10.0.40219.1
Project("{FAE04EC0-301F-11D3-BF4B-00C04F79EFBC}") = "ClassLibrary2", "ClassLibrary2\ClassLibrary2.csproj", "{E1157F60-0A8A-4BF8-A6A5-8C21788E941A}"
EndProject
Global
	GlobalSection(SolutionConfigurationPlatforms) = preSolution
		Debug|Any CPU = Debug|Any CPU
		Release|Any CPU = Release|Any CPU
	EndGlobalSection
	GlobalSection(ProjectConfigurationPlatforms) = postSolution
		{E1157F60-0A8A-4BF8-A6A5-8C21788E941A}.Debug|Any CPU.ActiveCfg = Debug|Any CPU
		{E1157F60-0A8A-4BF8-A6A5-8C21788E941A}.Debug|Any CPU.Build.0 = Debug|Any CPU
		{E1157F60-0A8A-4BF8-A6A5-8C21788E941A}.Release|Any CPU.ActiveCfg = Release|Any CPU
		{E1157F60-0A8A-4BF8-A6A5-8C21788E941A}.Release|Any CPU.Build.0 = Release|Any CPU
	EndGlobalSection
	GlobalSection(SolutionProperties) = preSolution
		HideSolutionNode = FALSE
	EndGlobalSection
	GlobalSection(ExtensibilityGlobals) = postSolution
		SolutionGuid = {6E02F41B-367F-4FDE-B34C-88CE8C9C8EBB}
	EndGlobalSection
EndGlobal
